
Microsoft Visual Studio Solution File, Format Version 12.00
# Visual Studio Version 17
VisualStudioVersion = 17.14.36121.58
MinimumVisualStudioVersion = 10.0.40219.1
Project("{FAE04EC0-301F-11D3-BF4B-00C04F79EFBC}") = "TrackerLibrary", "TrackerLibrary\TrackerLibrary.csproj", "{7F223FBC-4CA2-433D-B742-5DC6F8C395F8}"
EndProject
Project("{FAE04EC0-301F-11D3-BF4B-00C04F79EFBC}") = "TrackerUI", "TrackerUI\TrackerUI.csproj", "{816949BD-C4B2-4467-9B1F-E046376037D3}"
EndProject
Global
	GlobalSection(SolutionConfigurationPlatforms) = preSolution
		Debug|Any CPU = Debug|Any CPU
		Release|Any CPU = Release|Any CPU
	EndGlobalSection
	GlobalSection(ProjectConfigurationPlatforms) = postSolution
		{7F223FBC-4CA2-433D-B742-5DC6F8C395F8}.Debug|Any CPU.ActiveCfg = Debug|Any CPU
		{7F223FBC-4CA2-433D-B742-5DC6F8C395F8}.Debug|Any CPU.Build.0 = Debug|Any CPU
		{7F223FBC-4CA2-433D-B742-5DC6F8C395F8}.Release|Any CPU.ActiveCfg = Release|Any CPU
		{7F223FBC-4CA2-433D-B742-5DC6F8C395F8}.Release|Any CPU.Build.0 = Release|Any CPU
		{816949BD-C4B2-4467-9B1F-E046376037D3}.Debug|Any CPU.ActiveCfg = Debug|Any CPU
		{816949BD-C4B2-4467-9B1F-E046376037D3}.Debug|Any CPU.Build.0 = Debug|Any CPU
		{816949BD-C4B2-4467-9B1F-E046376037D3}.Release|Any CPU.ActiveCfg = Release|Any CPU
		{816949BD-C4B2-4467-9B1F-E046376037D3}.Release|Any CPU.Build.0 = Release|Any CPU
	EndGlobalSection
	GlobalSection(SolutionProperties) = preSolution
		HideSolutionNode = FALSE
	EndGlobalSection
	GlobalSection(ExtensibilityGlobals) = postSolution
		SolutionGuid = {91816F3F-AE76-48CB-8825-37940791BF16}
	EndGlobalSection
EndGlobal
